
Microsoft Visual Studio Solution File, Format Version 12.00
# Visual Studio Version 17
VisualStudioVersion = 17.5.33627.172
MinimumVisualStudioVersion = 10.0.40219.1
Project("{9A19103F-16F7-4668-BE54-9A1E7A4F7556}") = "FastIndex", "FastIndex\FastIndex.csproj", "{5074CB94-673A-40C9-A1A2-273145AC29FD}"
EndProject
Project("{FAE04EC0-301F-11D3-BF4B-00C04F79EFBC}") = "FastIndex.Tests", "FastIndex.Tests\FastIndex.Tests.csproj", "{6B8EF961-2B9C-4B95-8307-2F368895351E}"
EndProject
Global
	GlobalSection(SolutionConfigurationPlatforms) = preSolution
		Debug|Any CPU = Debug|Any CPU
		Release|Any CPU = Release|Any CPU
	EndGlobalSection
	GlobalSection(ProjectConfigurationPlatforms) = postSolution
		{5074CB94-673A-40C9-A1A2-273145AC29FD}.Debug|Any CPU.ActiveCfg = Debug|Any CPU
		{5074CB94-673A-40C9-A1A2-273145AC29FD}.Debug|Any CPU.Build.0 = Debug|Any CPU
		{5074CB94-673A-40C9-A1A2-273145AC29FD}.Release|Any CPU.ActiveCfg = Release|Any CPU
		{5074CB94-673A-40C9-A1A2-273145AC29FD}.Release|Any CPU.Build.0 = Release|Any CPU
		{6B8EF961-2B9C-4B95-8307-2F368895351E}.Debug|Any CPU.ActiveCfg = Debug|Any CPU
		{6B8EF961-2B9C-4B95-8307-2F368895351E}.Debug|Any CPU.Build.0 = Debug|Any CPU
		{6B8EF961-2B9C-4B95-8307-2F368895351E}.Release|Any CPU.ActiveCfg = Release|Any CPU
		{6B8EF961-2B9C-4B95-8307-2F368895351E}.Release|Any CPU.Build.0 = Release|Any CPU
	EndGlobalSection
	GlobalSection(SolutionProperties) = preSolution
		HideSolutionNode = FALSE
	EndGlobalSection
	GlobalSection(ExtensibilityGlobals) = postSolution
		SolutionGuid = {F8E003EA-9B6A-41CD-BE2F-8D6E43F520C1}
	EndGlobalSection
EndGlobal
